// !$*UTF8*$!
{
	archiveVersion = 1;
	classes = {
	};
	objectVersion = 56;
	objects = {

/* Begin PBXBuildFile section */
		B6DB09EE296AFCA9008538FA /* WebProxyEnvironment.swift in Sources */ = {isa = PBXBuildFile; fileRef = B6DB09ED296AFCA9008538FA /* WebProxyEnvironment.swift */; };
		B6DB09F0296AFCC1008538FA /* WebProxy in Frameworks */ = {isa = PBXBuildFile; productRef = B6DB09EF296AFCC1008538FA /* WebProxy */; };
		B6E3EA6D2969D6510029A1B6 /* AppDelegate.swift in Sources */ = {isa = PBXBuildFile; fileRef = B6E3EA6C2969D6510029A1B6 /* AppDelegate.swift */; };
		B6E3EA762969D6530029A1B6 /* Assets.xcassets in Resources */ = {isa = PBXBuildFile; fileRef = B6E3EA752969D6530029A1B6 /* Assets.xcassets */; };
		B6E3EA792969D6530029A1B6 /* LaunchScreen.storyboard in Resources */ = {isa = PBXBuildFile; fileRef = B6E3EA772969D6530029A1B6 /* LaunchScreen.storyboard */; };
		B6E3EA842969D6550029A1B6 /* AdFinderTests.swift in Sources */ = {isa = PBXBuildFile; fileRef = B6E3EA832969D6550029A1B6 /* AdFinderTests.swift */; };
		B6E3EA8E2969D6550029A1B6 /* AdFinderUITests.swift in Sources */ = {isa = PBXBuildFile; fileRef = B6E3EA8D2969D6550029A1B6 /* AdFinderUITests.swift */; };
		B6E3EA902969D6550029A1B6 /* AdFinderUITestsLaunchTests.swift in Sources */ = {isa = PBXBuildFile; fileRef = B6E3EA8F2969D6550029A1B6 /* AdFinderUITestsLaunchTests.swift */; };
		B6E3EAA42969DCDD0029A1B6 /* SearchScene in Frameworks */ = {isa = PBXBuildFile; productRef = B6E3EAA32969DCDD0029A1B6 /* SearchScene */; };
/* End PBXBuildFile section */

/* Begin PBXContainerItemProxy section */
		B6E3EA802969D6550029A1B6 /* PBXContainerItemProxy */ = {
			isa = PBXContainerItemProxy;
			containerPortal = B6E3EA612969D6510029A1B6 /* Project object */;
			proxyType = 1;
			remoteGlobalIDString = B6E3EA682969D6510029A1B6;
			remoteInfo = AdFinder;
		};
		B6E3EA8A2969D6550029A1B6 /* PBXContainerItemProxy */ = {
			isa = PBXContainerItemProxy;
			containerPortal = B6E3EA612969D6510029A1B6 /* Project object */;
			proxyType = 1;
			remoteGlobalIDString = B6E3EA682969D6510029A1B6;
			remoteInfo = AdFinder;
		};
/* End PBXContainerItemProxy section */

/* Begin PBXFileReference section */
		B6DB09ED296AFCA9008538FA /* WebProxyEnvironment.swift */ = {isa = PBXFileReference; lastKnownFileType = sourcecode.swift; path = WebProxyEnvironment.swift; sourceTree = "<group>"; };
		B6E3EA692969D6510029A1B6 /* AdFinder.app */ = {isa = PBXFileReference; explicitFileType = wrapper.application; includeInIndex = 0; path = AdFinder.app; sourceTree = BUILT_PRODUCTS_DIR; };
		B6E3EA6C2969D6510029A1B6 /* AppDelegate.swift */ = {isa = PBXFileReference; lastKnownFileType = sourcecode.swift; path = AppDelegate.swift; sourceTree = "<group>"; };
		B6E3EA752969D6530029A1B6 /* Assets.xcassets */ = {isa = PBXFileReference; lastKnownFileType = folder.assetcatalog; path = Assets.xcassets; sourceTree = "<group>"; };
		B6E3EA782969D6530029A1B6 /* Base */ = {isa = PBXFileReference; lastKnownFileType = file.storyboard; name = Base; path = Base.lproj/LaunchScreen.storyboard; sourceTree = "<group>"; };
		B6E3EA7A2969D6530029A1B6 /* Info.plist */ = {isa = PBXFileReference; lastKnownFileType = text.plist.xml; path = Info.plist; sourceTree = "<group>"; };
		B6E3EA7F2969D6550029A1B6 /* AdFinderTests.xctest */ = {isa = PBXFileReference; explicitFileType = wrapper.cfbundle; includeInIndex = 0; path = AdFinderTests.xctest; sourceTree = BUILT_PRODUCTS_DIR; };
		B6E3EA832969D6550029A1B6 /* AdFinderTests.swift */ = {isa = PBXFileReference; lastKnownFileType = sourcecode.swift; path = AdFinderTests.swift; sourceTree = "<group>"; };
		B6E3EA892969D6550029A1B6 /* AdFinderUITests.xctest */ = {isa = PBXFileReference; explicitFileType = wrapper.cfbundle; includeInIndex = 0; path = AdFinderUITests.xctest; sourceTree = BUILT_PRODUCTS_DIR; };
		B6E3EA8D2969D6550029A1B6 /* AdFinderUITests.swift */ = {isa = PBXFileReference; lastKnownFileType = sourcecode.swift; path = AdFinderUITests.swift; sourceTree = "<group>"; };
		B6E3EA8F2969D6550029A1B6 /* AdFinderUITestsLaunchTests.swift */ = {isa = PBXFileReference; lastKnownFileType = sourcecode.swift; path = AdFinderUITestsLaunchTests.swift; sourceTree = "<group>"; };
		B6E3EA9F2969D6E00029A1B6 /* default.xcconfig */ = {isa = PBXFileReference; lastKnownFileType = text.xcconfig; path = default.xcconfig; sourceTree = "<group>"; };
/* End PBXFileReference section */

/* Begin PBXFrameworksBuildPhase section */
		B6E3EA662969D6510029A1B6 /* Frameworks */ = {
			isa = PBXFrameworksBuildPhase;
			buildActionMask = 2147483647;
			files = (
				B6DB09F0296AFCC1008538FA /* WebProxy in Frameworks */,
				B6E3EAA42969DCDD0029A1B6 /* SearchScene in Frameworks */,
			);
			runOnlyForDeploymentPostprocessing = 0;
		};
		B6E3EA7C2969D6550029A1B6 /* Frameworks */ = {
			isa = PBXFrameworksBuildPhase;
			buildActionMask = 2147483647;
			files = (
			);
			runOnlyForDeploymentPostprocessing = 0;
		};
		B6E3EA862969D6550029A1B6 /* Frameworks */ = {
			isa = PBXFrameworksBuildPhase;
			buildActionMask = 2147483647;
			files = (
			);
			runOnlyForDeploymentPostprocessing = 0;
		};
/* End PBXFrameworksBuildPhase section */

/* Begin PBXGroup section */
		B6DB09EC296AFC84008538FA /* WebProxy */ = {
			isa = PBXGroup;
			children = (
				B6DB09ED296AFCA9008538FA /* WebProxyEnvironment.swift */,
			);
			path = WebProxy;
			sourceTree = "<group>";
		};
		B6E3EA602969D6510029A1B6 = {
			isa = PBXGroup;
			children = (
				B6E3EA6B2969D6510029A1B6 /* AdFinder */,
				B6E3EA822969D6550029A1B6 /* AdFinderTests */,
				B6E3EA8C2969D6550029A1B6 /* AdFinderUITests */,
				B6E3EA6A2969D6510029A1B6 /* Products */,
				B6E3EAA22969DCDD0029A1B6 /* Frameworks */,
			);
			sourceTree = "<group>";
		};
		B6E3EA6A2969D6510029A1B6 /* Products */ = {
			isa = PBXGroup;
			children = (
				B6E3EA692969D6510029A1B6 /* AdFinder.app */,
				B6E3EA7F2969D6550029A1B6 /* AdFinderTests.xctest */,
				B6E3EA892969D6550029A1B6 /* AdFinderUITests.xctest */,
			);
			name = Products;
			sourceTree = "<group>";
		};
		B6E3EA6B2969D6510029A1B6 /* AdFinder */ = {
			isa = PBXGroup;
			children = (
				B6E3EA9C2969D66E0029A1B6 /* Sources */,
				B6E3EA9D2969D6800029A1B6 /* Resources */,
			);
			path = AdFinder;
			sourceTree = "<group>";
		};
		B6E3EA822969D6550029A1B6 /* AdFinderTests */ = {
			isa = PBXGroup;
			children = (
				B6E3EA832969D6550029A1B6 /* AdFinderTests.swift */,
			);
			path = AdFinderTests;
			sourceTree = "<group>";
		};
		B6E3EA8C2969D6550029A1B6 /* AdFinderUITests */ = {
			isa = PBXGroup;
			children = (
				B6E3EA8D2969D6550029A1B6 /* AdFinderUITests.swift */,
				B6E3EA8F2969D6550029A1B6 /* AdFinderUITestsLaunchTests.swift */,
			);
			path = AdFinderUITests;
			sourceTree = "<group>";
		};
		B6E3EA9C2969D66E0029A1B6 /* Sources */ = {
			isa = PBXGroup;
			children = (
				B6DB09EC296AFC84008538FA /* WebProxy */,
				B6E3EA6C2969D6510029A1B6 /* AppDelegate.swift */,
			);
			path = Sources;
			sourceTree = "<group>";
		};
		B6E3EA9D2969D6800029A1B6 /* Resources */ = {
			isa = PBXGroup;
			children = (
				B6E3EA9E2969D68A0029A1B6 /* Configuration */,
				B6E3EA752969D6530029A1B6 /* Assets.xcassets */,
				B6E3EA772969D6530029A1B6 /* LaunchScreen.storyboard */,
				B6E3EA7A2969D6530029A1B6 /* Info.plist */,
			);
			path = Resources;
			sourceTree = "<group>";
		};
		B6E3EA9E2969D68A0029A1B6 /* Configuration */ = {
			isa = PBXGroup;
			children = (
				B6E3EA9F2969D6E00029A1B6 /* default.xcconfig */,
			);
			path = Configuration;
			sourceTree = "<group>";
		};
		B6E3EAA22969DCDD0029A1B6 /* Frameworks */ = {
			isa = PBXGroup;
			children = (
			);
			name = Frameworks;
			sourceTree = "<group>";
		};
/* End PBXGroup section */

/* Begin PBXNativeTarget section */
		B6E3EA682969D6510029A1B6 /* AdFinder */ = {
			isa = PBXNativeTarget;
			buildConfigurationList = B6E3EA932969D6550029A1B6 /* Build configuration list for PBXNativeTarget "AdFinder" */;
			buildPhases = (
				B6E3EA652969D6510029A1B6 /* Sources */,
				B6E3EA662969D6510029A1B6 /* Frameworks */,
				B6E3EA672969D6510029A1B6 /* Resources */,
			);
			buildRules = (
			);
			dependencies = (
			);
			name = AdFinder;
			packageProductDependencies = (
				B6E3EAA32969DCDD0029A1B6 /* SearchScene */,
				B6DB09EF296AFCC1008538FA /* WebProxy */,
			);
			productName = AdFinder;
			productReference = B6E3EA692969D6510029A1B6 /* AdFinder.app */;
			productType = "com.apple.product-type.application";
		};
		B6E3EA7E2969D6550029A1B6 /* AdFinderTests */ = {
			isa = PBXNativeTarget;
			buildConfigurationList = B6E3EA962969D6550029A1B6 /* Build configuration list for PBXNativeTarget "AdFinderTests" */;
			buildPhases = (
				B6E3EA7B2969D6550029A1B6 /* Sources */,
				B6E3EA7C2969D6550029A1B6 /* Frameworks */,
				B6E3EA7D2969D6550029A1B6 /* Resources */,
			);
			buildRules = (
			);
			dependencies = (
				B6E3EA812969D6550029A1B6 /* PBXTargetDependency */,
			);
			name = AdFinderTests;
			productName = AdFinderTests;
			productReference = B6E3EA7F2969D6550029A1B6 /* AdFinderTests.xctest */;
			productType = "com.apple.product-type.bundle.unit-test";
		};
		B6E3EA882969D6550029A1B6 /* AdFinderUITests */ = {
			isa = PBXNativeTarget;
			buildConfigurationList = B6E3EA992969D6550029A1B6 /* Build configuration list for PBXNativeTarget "AdFinderUITests" */;
			buildPhases = (
				B6E3EA852969D6550029A1B6 /* Sources */,
				B6E3EA862969D6550029A1B6 /* Frameworks */,
				B6E3EA872969D6550029A1B6 /* Resources */,
			);
			buildRules = (
			);
			dependencies = (
				B6E3EA8B2969D6550029A1B6 /* PBXTargetDependency */,
			);
			name = AdFinderUITests;
			productName = AdFinderUITests;
			productReference = B6E3EA892969D6550029A1B6 /* AdFinderUITests.xctest */;
			productType = "com.apple.product-type.bundle.ui-testing";
		};
/* End PBXNativeTarget section */

/* Begin PBXProject section */
		B6E3EA612969D6510029A1B6 /* Project object */ = {
			isa = PBXProject;
			attributes = {
				BuildIndependentTargetsInParallel = 1;
				LastSwiftUpdateCheck = 1420;
				LastUpgradeCheck = 1420;
				ORGANIZATIONNAME = "RTEK SOLUTIONS";
				TargetAttributes = {
					B6E3EA682969D6510029A1B6 = {
						CreatedOnToolsVersion = 14.2;
					};
					B6E3EA7E2969D6550029A1B6 = {
						CreatedOnToolsVersion = 14.2;
						TestTargetID = B6E3EA682969D6510029A1B6;
					};
					B6E3EA882969D6550029A1B6 = {
						CreatedOnToolsVersion = 14.2;
						TestTargetID = B6E3EA682969D6510029A1B6;
					};
				};
			};
			buildConfigurationList = B6E3EA642969D6510029A1B6 /* Build configuration list for PBXProject "AdFinder" */;
			compatibilityVersion = "Xcode 14.0";
			developmentRegion = en;
			hasScannedForEncodings = 0;
			knownRegions = (
				en,
				Base,
			);
			mainGroup = B6E3EA602969D6510029A1B6;
			productRefGroup = B6E3EA6A2969D6510029A1B6 /* Products */;
			projectDirPath = "";
			projectRoot = "";
			targets = (
				B6E3EA682969D6510029A1B6 /* AdFinder */,
				B6E3EA7E2969D6550029A1B6 /* AdFinderTests */,
				B6E3EA882969D6550029A1B6 /* AdFinderUITests */,
			);
		};
/* End PBXProject section */

/* Begin PBXResourcesBuildPhase section */
		B6E3EA672969D6510029A1B6 /* Resources */ = {
			isa = PBXResourcesBuildPhase;
			buildActionMask = 2147483647;
			files = (
				B6E3EA792969D6530029A1B6 /* LaunchScreen.storyboard in Resources */,
				B6E3EA762969D6530029A1B6 /* Assets.xcassets in Resources */,
			);
			runOnlyForDeploymentPostprocessing = 0;
		};
		B6E3EA7D2969D6550029A1B6 /* Resources */ = {
			isa = PBXResourcesBuildPhase;
			buildActionMask = 2147483647;
			files = (
			);
			runOnlyForDeploymentPostprocessing = 0;
		};
		B6E3EA872969D6550029A1B6 /* Resources */ = {
			isa = PBXResourcesBuildPhase;
			buildActionMask = 2147483647;
			files = (
			);
			runOnlyForDeploymentPostprocessing = 0;
		};
/* End PBXResourcesBuildPhase section */

/* Begin PBXSourcesBuildPhase section */
		B6E3EA652969D6510029A1B6 /* Sources */ = {
			isa = PBXSourcesBuildPhase;
			buildActionMask = 2147483647;
			files = (
				B6E3EA6D2969D6510029A1B6 /* AppDelegate.swift in Sources */,
				B6DB09EE296AFCA9008538FA /* WebProxyEnvironment.swift in Sources */,
			);
			runOnlyForDeploymentPostprocessing = 0;
		};
		B6E3EA7B2969D6550029A1B6 /* Sources */ = {
			isa = PBXSourcesBuildPhase;
			buildActionMask = 2147483647;
			files = (
				B6E3EA842969D6550029A1B6 /* AdFinderTests.swift in Sources */,
			);
			runOnlyForDeploymentPostprocessing = 0;
		};
		B6E3EA852969D6550029A1B6 /* Sources */ = {
			isa = PBXSourcesBuildPhase;
			buildActionMask = 2147483647;
			files = (
				B6E3EA902969D6550029A1B6 /* AdFinderUITestsLaunchTests.swift in Sources */,
				B6E3EA8E2969D6550029A1B6 /* AdFinderUITests.swift in Sources */,
			);
			runOnlyForDeploymentPostprocessing = 0;
		};
/* End PBXSourcesBuildPhase section */

/* Begin PBXTargetDependency section */
		B6E3EA812969D6550029A1B6 /* PBXTargetDependency */ = {
			isa = PBXTargetDependency;
			target = B6E3EA682969D6510029A1B6 /* AdFinder */;
			targetProxy = B6E3EA802969D6550029A1B6 /* PBXContainerItemProxy */;
		};
		B6E3EA8B2969D6550029A1B6 /* PBXTargetDependency */ = {
			isa = PBXTargetDependency;
			target = B6E3EA682969D6510029A1B6 /* AdFinder */;
			targetProxy = B6E3EA8A2969D6550029A1B6 /* PBXContainerItemProxy */;
		};
/* End PBXTargetDependency section */

/* Begin PBXVariantGroup section */
		B6E3EA772969D6530029A1B6 /* LaunchScreen.storyboard */ = {
			isa = PBXVariantGroup;
			children = (
				B6E3EA782969D6530029A1B6 /* Base */,
			);
			name = LaunchScreen.storyboard;
			sourceTree = "<group>";
		};
/* End PBXVariantGroup section */

/* Begin XCBuildConfiguration section */
		B6E3EA912969D6550029A1B6 /* Debug */ = {
			isa = XCBuildConfiguration;
			baseConfigurationReference = B6E3EA9F2969D6E00029A1B6 /* default.xcconfig */;
			buildSettings = {
				ALWAYS_SEARCH_USER_PATHS = NO;
				CLANG_ANALYZER_NONNULL = YES;
				CLANG_ANALYZER_NUMBER_OBJECT_CONVERSION = YES_AGGRESSIVE;
				CLANG_CXX_LANGUAGE_STANDARD = "gnu++20";
				CLANG_ENABLE_MODULES = YES;
				CLANG_ENABLE_OBJC_ARC = YES;
				CLANG_ENABLE_OBJC_WEAK = YES;
				CLANG_WARN_BLOCK_CAPTURE_AUTORELEASING = YES;
				CLANG_WARN_BOOL_CONVERSION = YES;
				CLANG_WARN_COMMA = YES;
				CLANG_WARN_CONSTANT_CONVERSION = YES;
				CLANG_WARN_DEPRECATED_OBJC_IMPLEMENTATIONS = YES;
				CLANG_WARN_DIRECT_OBJC_ISA_USAGE = YES_ERROR;
				CLANG_WARN_DOCUMENTATION_COMMENTS = YES;
				CLANG_WARN_EMPTY_BODY = YES;
				CLANG_WARN_ENUM_CONVERSION = YES;
				CLANG_WARN_INFINITE_RECURSION = YES;
				CLANG_WARN_INT_CONVERSION = YES;
				CLANG_WARN_NON_LITERAL_NULL_CONVERSION = YES;
				CLANG_WARN_OBJC_IMPLICIT_RETAIN_SELF = YES;
				CLANG_WARN_OBJC_LITERAL_CONVERSION = YES;
				CLANG_WARN_OBJC_ROOT_CLASS = YES_ERROR;
				CLANG_WARN_QUOTED_INCLUDE_IN_FRAMEWORK_HEADER = YES;
				CLANG_WARN_RANGE_LOOP_ANALYSIS = YES;
				CLANG_WARN_STRICT_PROTOTYPES = YES;
				CLANG_WARN_SUSPICIOUS_MOVE = YES;
				CLANG_WARN_UNGUARDED_AVAILABILITY = YES_AGGRESSIVE;
				CLANG_WARN_UNREACHABLE_CODE = YES;
				CLANG_WARN__DUPLICATE_METHOD_MATCH = YES;
				COPY_PHASE_STRIP = NO;
				DEBUG_INFORMATION_FORMAT = dwarf;
				ENABLE_STRICT_OBJC_MSGSEND = YES;
				ENABLE_TESTABILITY = YES;
				GCC_C_LANGUAGE_STANDARD = gnu11;
				GCC_DYNAMIC_NO_PIC = NO;
				GCC_NO_COMMON_BLOCKS = YES;
				GCC_OPTIMIZATION_LEVEL = 0;
				GCC_PREPROCESSOR_DEFINITIONS = (
					"DEBUG=1",
					"$(inherited)",
				);
				GCC_WARN_64_TO_32_BIT_CONVERSION = YES;
				GCC_WARN_ABOUT_RETURN_TYPE = YES_ERROR;
				GCC_WARN_UNDECLARED_SELECTOR = YES;
				GCC_WARN_UNINITIALIZED_AUTOS = YES_AGGRESSIVE;
				GCC_WARN_UNUSED_FUNCTION = YES;
				GCC_WARN_UNUSED_VARIABLE = YES;
				IPHONEOS_DEPLOYMENT_TARGET = 14.0;
				MTL_ENABLE_DEBUG_INFO = INCLUDE_SOURCE;
				MTL_FAST_MATH = YES;
				ONLY_ACTIVE_ARCH = YES;
				SDKROOT = iphoneos;
				SWIFT_ACTIVE_COMPILATION_CONDITIONS = DEBUG;
				SWIFT_OPTIMIZATION_LEVEL = "-Onone";
			};
			name = Debug;
		};
		B6E3EA922969D6550029A1B6 /* Release */ = {
			isa = XCBuildConfiguration;
			baseConfigurationReference = B6E3EA9F2969D6E00029A1B6 /* default.xcconfig */;
			buildSettings = {
				ALWAYS_SEARCH_USER_PATHS = NO;
				CLANG_ANALYZER_NONNULL = YES;
				CLANG_ANALYZER_NUMBER_OBJECT_CONVERSION = YES_AGGRESSIVE;
				CLANG_CXX_LANGUAGE_STANDARD = "gnu++20";
				CLANG_ENABLE_MODULES = YES;
				CLANG_ENABLE_OBJC_ARC = YES;
				CLANG_ENABLE_OBJC_WEAK = YES;
				CLANG_WARN_BLOCK_CAPTURE_AUTORELEASING = YES;
				CLANG_WARN_BOOL_CONVERSION = YES;
				CLANG_WARN_COMMA = YES;
				CLANG_WARN_CONSTANT_CONVERSION = YES;
				CLANG_WARN_DEPRECATED_OBJC_IMPLEMENTATIONS = YES;
				CLANG_WARN_DIRECT_OBJC_ISA_USAGE = YES_ERROR;
				CLANG_WARN_DOCUMENTATION_COMMENTS = YES;
				CLANG_WARN_EMPTY_BODY = YES;
				CLANG_WARN_ENUM_CONVERSION = YES;
				CLANG_WARN_INFINITE_RECURSION = YES;
				CLANG_WARN_INT_CONVERSION = YES;
				CLANG_WARN_NON_LITERAL_NULL_CONVERSION = YES;
				CLANG_WARN_OBJC_IMPLICIT_RETAIN_SELF = YES;
				CLANG_WARN_OBJC_LITERAL_CONVERSION = YES;
				CLANG_WARN_OBJC_ROOT_CLASS = YES_ERROR;
				CLANG_WARN_QUOTED_INCLUDE_IN_FRAMEWORK_HEADER = YES;
				CLANG_WARN_RANGE_LOOP_ANALYSIS = YES;
				CLANG_WARN_STRICT_PROTOTYPES = YES;
				CLANG_WARN_SUSPICIOUS_MOVE = YES;
				CLANG_WARN_UNGUARDED_AVAILABILITY = YES_AGGRESSIVE;
				CLANG_WARN_UNREACHABLE_CODE = YES;
				CLANG_WARN__DUPLICATE_METHOD_MATCH = YES;
				COPY_PHASE_STRIP = NO;
				DEBUG_INFORMATION_FORMAT = "dwarf-with-dsym";
				ENABLE_NS_ASSERTIONS = NO;
				ENABLE_STRICT_OBJC_MSGSEND = YES;
				GCC_C_LANGUAGE_STANDARD = gnu11;
				GCC_NO_COMMON_BLOCKS = YES;
				GCC_WARN_64_TO_32_BIT_CONVERSION = YES;
				GCC_WARN_ABOUT_RETURN_TYPE = YES_ERROR;
				GCC_WARN_UNDECLARED_SELECTOR = YES;
				GCC_WARN_UNINITIALIZED_AUTOS = YES_AGGRESSIVE;
				GCC_WARN_UNUSED_FUNCTION = YES;
				GCC_WARN_UNUSED_VARIABLE = YES;
				IPHONEOS_DEPLOYMENT_TARGET = 14.0;
				MTL_ENABLE_DEBUG_INFO = NO;
				MTL_FAST_MATH = YES;
				SDKROOT = iphoneos;
				SWIFT_COMPILATION_MODE = wholemodule;
				SWIFT_OPTIMIZATION_LEVEL = "-O";
				VALIDATE_PRODUCT = YES;
			};
			name = Release;
		};
		B6E3EA942969D6550029A1B6 /* Debug */ = {
			isa = XCBuildConfiguration;
			buildSettings = {
				ASSETCATALOG_COMPILER_APPICON_NAME = AppIcon;
				ASSETCATALOG_COMPILER_GLOBAL_ACCENT_COLOR_NAME = AccentColor;
				CODE_SIGN_STYLE = Automatic;
				CURRENT_PROJECT_VERSION = 1;
				DEVELOPMENT_TEAM = HD6P7LPUJ4;
				GENERATE_INFOPLIST_FILE = YES;
				INFOPLIST_FILE = AdFinder/Resources/Info.plist;
				INFOPLIST_KEY_UIApplicationSupportsIndirectInputEvents = YES;
				INFOPLIST_KEY_UILaunchStoryboardName = LaunchScreen.storyboard;
				INFOPLIST_KEY_UISupportedInterfaceOrientations_iPad = "UIInterfaceOrientationPortrait UIInterfaceOrientationPortraitUpsideDown UIInterfaceOrientationLandscapeLeft UIInterfaceOrientationLandscapeRight";
				INFOPLIST_KEY_UISupportedInterfaceOrientations_iPhone = "UIInterfaceOrientationPortrait UIInterfaceOrientationLandscapeLeft UIInterfaceOrientationLandscapeRight";
				LD_RUNPATH_SEARCH_PATHS = (
					"$(inherited)",
					"@executable_path/Frameworks",
				);
				MARKETING_VERSION = 1.0;
				PRODUCT_BUNDLE_IDENTIFIER = "$(PRODUCT_BUNDLE_IDENTIFIER)";
				PRODUCT_NAME = "$(TARGET_NAME)";
				SWIFT_EMIT_LOC_STRINGS = YES;
				SWIFT_VERSION = 5.0;
				TARGETED_DEVICE_FAMILY = "1,2";
			};
			name = Debug;
		};
		B6E3EA952969D6550029A1B6 /* Release */ = {
			isa = XCBuildConfiguration;
			buildSettings = {
				ASSETCATALOG_COMPILER_APPICON_NAME = AppIcon;
				ASSETCATALOG_COMPILER_GLOBAL_ACCENT_COLOR_NAME = AccentColor;
				CODE_SIGN_STYLE = Automatic;
				CURRENT_PROJECT_VERSION = 1;
				DEVELOPMENT_TEAM = HD6P7LPUJ4;
				GENERATE_INFOPLIST_FILE = YES;
				INFOPLIST_FILE = AdFinder/Resources/Info.plist;
				INFOPLIST_KEY_UIApplicationSupportsIndirectInputEvents = YES;
				INFOPLIST_KEY_UILaunchStoryboardName = LaunchScreen.storyboard;
				INFOPLIST_KEY_UISupportedInterfaceOrientations_iPad = "UIInterfaceOrientationPortrait UIInterfaceOrientationPortraitUpsideDown UIInterfaceOrientationLandscapeLeft UIInterfaceOrientationLandscapeRight";
				INFOPLIST_KEY_UISupportedInterfaceOrientations_iPhone = "UIInterfaceOrientationPortrait UIInterfaceOrientationLandscapeLeft UIInterfaceOrientationLandscapeRight";
				LD_RUNPATH_SEARCH_PATHS = (
					"$(inherited)",
					"@executable_path/Frameworks",
				);
				MARKETING_VERSION = 1.0;
				PRODUCT_BUNDLE_IDENTIFIER = "$(PRODUCT_BUNDLE_IDENTIFIER)";
				PRODUCT_NAME = "$(TARGET_NAME)";
				SWIFT_EMIT_LOC_STRINGS = YES;
				SWIFT_VERSION = 5.0;
				TARGETED_DEVICE_FAMILY = "1,2";
			};
			name = Release;
		};
		B6E3EA972969D6550029A1B6 /* Debug */ = {
			isa = XCBuildConfiguration;
			buildSettings = {
				ALWAYS_EMBED_SWIFT_STANDARD_LIBRARIES = YES;
				BUNDLE_LOADER = "$(TEST_HOST)";
				CODE_SIGN_STYLE = Automatic;
				CURRENT_PROJECT_VERSION = 1;
				DEVELOPMENT_TEAM = HD6P7LPUJ4;
				GENERATE_INFOPLIST_FILE = YES;
				IPHONEOS_DEPLOYMENT_TARGET = 14.0;
				MARKETING_VERSION = 1.0;
				PRODUCT_BUNDLE_IDENTIFIER = fr.rteksolutions.AdFinderTests;
				PRODUCT_NAME = "$(TARGET_NAME)";
				SWIFT_EMIT_LOC_STRINGS = NO;
				SWIFT_VERSION = 5.0;
				TARGETED_DEVICE_FAMILY = "1,2";
				TEST_HOST = "$(BUILT_PRODUCTS_DIR)/AdFinder.app/$(BUNDLE_EXECUTABLE_FOLDER_PATH)/AdFinder";
			};
			name = Debug;
		};
		B6E3EA982969D6550029A1B6 /* Release */ = {
			isa = XCBuildConfiguration;
			buildSettings = {
				ALWAYS_EMBED_SWIFT_STANDARD_LIBRARIES = YES;
				BUNDLE_LOADER = "$(TEST_HOST)";
				CODE_SIGN_STYLE = Automatic;
				CURRENT_PROJECT_VERSION = 1;
				DEVELOPMENT_TEAM = HD6P7LPUJ4;
				GENERATE_INFOPLIST_FILE = YES;
				IPHONEOS_DEPLOYMENT_TARGET = 14.0;
				MARKETING_VERSION = 1.0;
				PRODUCT_BUNDLE_IDENTIFIER = fr.rteksolutions.AdFinderTests;
				PRODUCT_NAME = "$(TARGET_NAME)";
				SWIFT_EMIT_LOC_STRINGS = NO;
				SWIFT_VERSION = 5.0;
				TARGETED_DEVICE_FAMILY = "1,2";
				TEST_HOST = "$(BUILT_PRODUCTS_DIR)/AdFinder.app/$(BUNDLE_EXECUTABLE_FOLDER_PATH)/AdFinder";
			};
			name = Release;
		};
		B6E3EA9A2969D6550029A1B6 /* Debug */ = {
			isa = XCBuildConfiguration;
			buildSettings = {
				ALWAYS_EMBED_SWIFT_STANDARD_LIBRARIES = YES;
				CODE_SIGN_STYLE = Automatic;
				CURRENT_PROJECT_VERSION = 1;
				DEVELOPMENT_TEAM = HD6P7LPUJ4;
				GENERATE_INFOPLIST_FILE = YES;
				MARKETING_VERSION = 1.0;
				PRODUCT_BUNDLE_IDENTIFIER = fr.rteksolutions.AdFinderUITests;
				PRODUCT_NAME = "$(TARGET_NAME)";
				SWIFT_EMIT_LOC_STRINGS = NO;
				SWIFT_VERSION = 5.0;
				TARGETED_DEVICE_FAMILY = "1,2";
				TEST_TARGET_NAME = AdFinder;
			};
			name = Debug;
		};
		B6E3EA9B2969D6550029A1B6 /* Release */ = {
			isa = XCBuildConfiguration;
			buildSettings = {
				ALWAYS_EMBED_SWIFT_STANDARD_LIBRARIES = YES;
				CODE_SIGN_STYLE = Automatic;
				CURRENT_PROJECT_VERSION = 1;
				DEVELOPMENT_TEAM = HD6P7LPUJ4;
				GENERATE_INFOPLIST_FILE = YES;
				MARKETING_VERSION = 1.0;
				PRODUCT_BUNDLE_IDENTIFIER = fr.rteksolutions.AdFinderUITests;
				PRODUCT_NAME = "$(TARGET_NAME)";
				SWIFT_EMIT_LOC_STRINGS = NO;
				SWIFT_VERSION = 5.0;
				TARGETED_DEVICE_FAMILY = "1,2";
				TEST_TARGET_NAME = AdFinder;
			};
			name = Release;
		};
/* End XCBuildConfiguration section */

/* Begin XCConfigurationList section */
		B6E3EA642969D6510029A1B6 /* Build configuration list for PBXProject "AdFinder" */ = {
			isa = XCConfigurationList;
			buildConfigurations = (
				B6E3EA912969D6550029A1B6 /* Debug */,
				B6E3EA922969D6550029A1B6 /* Release */,
			);
			defaultConfigurationIsVisible = 0;
			defaultConfigurationName = Release;
		};
		B6E3EA932969D6550029A1B6 /* Build configuration list for PBXNativeTarget "AdFinder" */ = {
			isa = XCConfigurationList;
			buildConfigurations = (
				B6E3EA942969D6550029A1B6 /* Debug */,
				B6E3EA952969D6550029A1B6 /* Release */,
			);
			defaultConfigurationIsVisible = 0;
			defaultConfigurationName = Release;
		};
		B6E3EA962969D6550029A1B6 /* Build configuration list for PBXNativeTarget "AdFinderTests" */ = {
			isa = XCConfigurationList;
			buildConfigurations = (
				B6E3EA972969D6550029A1B6 /* Debug */,
				B6E3EA982969D6550029A1B6 /* Release */,
			);
			defaultConfigurationIsVisible = 0;
			defaultConfigurationName = Release;
		};
		B6E3EA992969D6550029A1B6 /* Build configuration list for PBXNativeTarget "AdFinderUITests" */ = {
			isa = XCConfigurationList;
			buildConfigurations = (
				B6E3EA9A2969D6550029A1B6 /* Debug */,
				B6E3EA9B2969D6550029A1B6 /* Release */,
			);
			defaultConfigurationIsVisible = 0;
			defaultConfigurationName = Release;
		};
/* End XCConfigurationList section */

/* Begin XCSwiftPackageProductDependency section */
		B6DB09EF296AFCC1008538FA /* WebProxy */ = {
			isa = XCSwiftPackageProductDependency;
			productName = WebProxy;
		};
		B6E3EAA32969DCDD0029A1B6 /* SearchScene */ = {
			isa = XCSwiftPackageProductDependency;
			productName = SearchScene;
		};
/* End XCSwiftPackageProductDependency section */
	};
	rootObject = B6E3EA612969D6510029A1B6 /* Project object */;
}
